
Microsoft Visual Studio Solution File, Format Version 12.00
# Visual Studio Version 17
VisualStudioVersion = 17.9.34607.119
MinimumVisualStudioVersion = 10.0.40219.1
Project("{FAE04EC0-301F-11D3-BF4B-00C04F79EFBC}") = "Publisher", "Publisher.csproj", "{0D952AB3-386A-4A36-8364-A08067FFC390}"
EndProject
Global
	GlobalSection(SolutionConfigurationPlatforms) = preSolution
		Debug|Any CPU = Debug|Any CPU
		Release|Any CPU = Release|Any CPU
	EndGlobalSection
	GlobalSection(ProjectConfigurationPlatforms) = postSolution
		{0D952AB3-386A-4A36-8364-A08067FFC390}.Debug|Any CPU.ActiveCfg = Debug|Any CPU
		{0D952AB3-386A-4A36-8364-A08067FFC390}.Debug|Any CPU.Build.0 = Debug|Any CPU
		{0D952AB3-386A-4A36-8364-A08067FFC390}.Release|Any CPU.ActiveCfg = Release|Any CPU
		{0D952AB3-386A-4A36-8364-A08067FFC390}.Release|Any CPU.Build.0 = Release|Any CPU
	EndGlobalSection
	GlobalSection(SolutionProperties) = preSolution
		HideSolutionNode = FALSE
	EndGlobalSection
	GlobalSection(ExtensibilityGlobals) = postSolution
		SolutionGuid = {09288488-D185-4250-BD0B-00F8E3D30D85}
	EndGlobalSection
EndGlobal
